
Microsoft Visual Studio Solution File, Format Version 12.00
# Visual Studio Version 17
VisualStudioVersion = 17.3.32819.101
MinimumVisualStudioVersion = 10.0.40219.1
Project("{9A19103F-16F7-4668-BE54-9A1E7A4F7556}") = "LMS.Web", "LMS.Web.csproj", "{3F135335-99D5-4111-9EBD-CE48B35C29C7}"
EndProject
Project("{9A19103F-16F7-4668-BE54-9A1E7A4F7556}") = "LMS.xUnitTestProject", "..\LMS.xUnitTestProject\LMS.xUnitTestProject.csproj", "{16AFFC41-95FD-4B1D-8EC8-14D43BC82971}"
EndProject
Global
	GlobalSection(SolutionConfigurationPlatforms) = preSolution
		Debug|Any CPU = Debug|Any CPU
		Release|Any CPU = Release|Any CPU
	EndGlobalSection
	GlobalSection(ProjectConfigurationPlatforms) = postSolution
		{3F135335-99D5-4111-9EBD-CE48B35C29C7}.Debug|Any CPU.ActiveCfg = Debug|Any CPU
		{3F135335-99D5-4111-9EBD-CE48B35C29C7}.Debug|Any CPU.Build.0 = Debug|Any CPU
		{3F135335-99D5-4111-9EBD-CE48B35C29C7}.Release|Any CPU.ActiveCfg = Release|Any CPU
		{3F135335-99D5-4111-9EBD-CE48B35C29C7}.Release|Any CPU.Build.0 = Release|Any CPU
		{16AFFC41-95FD-4B1D-8EC8-14D43BC82971}.Debug|Any CPU.ActiveCfg = Debug|Any CPU
		{16AFFC41-95FD-4B1D-8EC8-14D43BC82971}.Debug|Any CPU.Build.0 = Debug|Any CPU
		{16AFFC41-95FD-4B1D-8EC8-14D43BC82971}.Release|Any CPU.ActiveCfg = Release|Any CPU
		{16AFFC41-95FD-4B1D-8EC8-14D43BC82971}.Release|Any CPU.Build.0 = Release|Any CPU
	EndGlobalSection
	GlobalSection(SolutionProperties) = preSolution
		HideSolutionNode = FALSE
	EndGlobalSection
	GlobalSection(ExtensibilityGlobals) = postSolution
		SolutionGuid = {49A4F8A0-AC74-4535-BDF4-3276D57254BD}
	EndGlobalSection
EndGlobal
